// !$*UTF8*$!
{
	archiveVersion = 1;
	classes = {
	};
	objectVersion = 55;
	objects = {

/* Begin PBXBuildFile section */
		22B1C2A827ADA52D000D6EB7 /* AppDelegate.swift in Sources */ = {isa = PBXBuildFile; fileRef = 22B1C2A727ADA52D000D6EB7 /* AppDelegate.swift */; };
		22B1C2AA27ADA52D000D6EB7 /* SceneDelegate.swift in Sources */ = {isa = PBXBuildFile; fileRef = 22B1C2A927ADA52D000D6EB7 /* SceneDelegate.swift */; };
		22B1C2AC27ADA52D000D6EB7 /* ViewController.swift in Sources */ = {isa = PBXBuildFile; fileRef = 22B1C2AB27ADA52D000D6EB7 /* ViewController.swift */; };
		22B1C2AF27ADA52D000D6EB7 /* Main.storyboard in Resources */ = {isa = PBXBuildFile; fileRef = 22B1C2AD27ADA52D000D6EB7 /* Main.storyboard */; };
		22B1C2B127ADA52E000D6EB7 /* Assets.xcassets in Resources */ = {isa = PBXBuildFile; fileRef = 22B1C2B027ADA52E000D6EB7 /* Assets.xcassets */; };
		22B1C2B427ADA52E000D6EB7 /* LaunchScreen.storyboard in Resources */ = {isa = PBXBuildFile; fileRef = 22B1C2B227ADA52E000D6EB7 /* LaunchScreen.storyboard */; };
		22B1C2DB27ADAF5A000D6EB7 /* OutletConnectionsViewController.swift in Sources */ = {isa = PBXBuildFile; fileRef = 22B1C2D927ADAF5A000D6EB7 /* OutletConnectionsViewController.swift */; };
		22B1C2DC27ADAF5A000D6EB7 /* OutletConnectionsViewController.xib in Resources */ = {isa = PBXBuildFile; fileRef = 22B1C2DA27ADAF5A000D6EB7 /* OutletConnectionsViewController.xib */; };
		22B1C2DE27ADB310000D6EB7 /* OutletConnectionsViewControllerTests.swift in Sources */ = {isa = PBXBuildFile; fileRef = 22B1C2DD27ADB310000D6EB7 /* OutletConnectionsViewControllerTests.swift */; };
/* End PBXBuildFile section */

/* Begin PBXContainerItemProxy section */
		22B1C2BB27ADA52E000D6EB7 /* PBXContainerItemProxy */ = {
			isa = PBXContainerItemProxy;
			containerPortal = 22B1C29C27ADA52D000D6EB7 /* Project object */;
			proxyType = 1;
			remoteGlobalIDString = 22B1C2A327ADA52D000D6EB7;
			remoteInfo = OutletConnections;
		};
/* End PBXContainerItemProxy section */

/* Begin PBXFileReference section */
		22B1C2A427ADA52D000D6EB7 /* OutletConnections.app */ = {isa = PBXFileReference; explicitFileType = wrapper.application; includeInIndex = 0; path = OutletConnections.app; sourceTree = BUILT_PRODUCTS_DIR; };
		22B1C2A727ADA52D000D6EB7 /* AppDelegate.swift */ = {isa = PBXFileReference; lastKnownFileType = sourcecode.swift; path = AppDelegate.swift; sourceTree = "<group>"; };
		22B1C2A927ADA52D000D6EB7 /* SceneDelegate.swift */ = {isa = PBXFileReference; lastKnownFileType = sourcecode.swift; path = SceneDelegate.swift; sourceTree = "<group>"; };
		22B1C2AB27ADA52D000D6EB7 /* ViewController.swift */ = {isa = PBXFileReference; lastKnownFileType = sourcecode.swift; path = ViewController.swift; sourceTree = "<group>"; };
		22B1C2AE27ADA52D000D6EB7 /* Base */ = {isa = PBXFileReference; lastKnownFileType = file.storyboard; name = Base; path = Base.lproj/Main.storyboard; sourceTree = "<group>"; };
		22B1C2B027ADA52E000D6EB7 /* Assets.xcassets */ = {isa = PBXFileReference; lastKnownFileType = folder.assetcatalog; path = Assets.xcassets; sourceTree = "<group>"; };
		22B1C2B327ADA52E000D6EB7 /* Base */ = {isa = PBXFileReference; lastKnownFileType = file.storyboard; name = Base; path = Base.lproj/LaunchScreen.storyboard; sourceTree = "<group>"; };
		22B1C2B527ADA52E000D6EB7 /* Info.plist */ = {isa = PBXFileReference; lastKnownFileType = text.plist.xml; path = Info.plist; sourceTree = "<group>"; };
		22B1C2BA27ADA52E000D6EB7 /* OutletConnectionsTests.xctest */ = {isa = PBXFileReference; explicitFileType = wrapper.cfbundle; includeInIndex = 0; path = OutletConnectionsTests.xctest; sourceTree = BUILT_PRODUCTS_DIR; };
		22B1C2D927ADAF5A000D6EB7 /* OutletConnectionsViewController.swift */ = {isa = PBXFileReference; lastKnownFileType = sourcecode.swift; path = OutletConnectionsViewController.swift; sourceTree = "<group>"; };
		22B1C2DA27ADAF5A000D6EB7 /* OutletConnectionsViewController.xib */ = {isa = PBXFileReference; lastKnownFileType = file.xib; path = OutletConnectionsViewController.xib; sourceTree = "<group>"; };
		22B1C2DD27ADB310000D6EB7 /* OutletConnectionsViewControllerTests.swift */ = {isa = PBXFileReference; lastKnownFileType = sourcecode.swift; path = OutletConnectionsViewControllerTests.swift; sourceTree = "<group>"; };
/* End PBXFileReference section */

/* Begin PBXFrameworksBuildPhase section */
		22B1C2A127ADA52D000D6EB7 /* Frameworks */ = {
			isa = PBXFrameworksBuildPhase;
			buildActionMask = 2147483647;
			files = (
			);
			runOnlyForDeploymentPostprocessing = 0;
		};
		22B1C2B727ADA52E000D6EB7 /* Frameworks */ = {
			isa = PBXFrameworksBuildPhase;
			buildActionMask = 2147483647;
			files = (
			);
			runOnlyForDeploymentPostprocessing = 0;
		};
/* End PBXFrameworksBuildPhase section */

/* Begin PBXGroup section */
		22B1C29B27ADA52D000D6EB7 = {
			isa = PBXGroup;
			children = (
				22B1C2A627ADA52D000D6EB7 /* OutletConnections */,
				22B1C2BD27ADA52E000D6EB7 /* OutletConnectionsTests */,
				22B1C2A527ADA52D000D6EB7 /* Products */,
			);
			sourceTree = "<group>";
		};
		22B1C2A527ADA52D000D6EB7 /* Products */ = {
			isa = PBXGroup;
			children = (
				22B1C2A427ADA52D000D6EB7 /* OutletConnections.app */,
				22B1C2BA27ADA52E000D6EB7 /* OutletConnectionsTests.xctest */,
			);
			name = Products;
			sourceTree = "<group>";
		};
		22B1C2A627ADA52D000D6EB7 /* OutletConnections */ = {
			isa = PBXGroup;
			children = (
				22B1C2A727ADA52D000D6EB7 /* AppDelegate.swift */,
				22B1C2A927ADA52D000D6EB7 /* SceneDelegate.swift */,
				22B1C2AB27ADA52D000D6EB7 /* ViewController.swift */,
				22B1C2AD27ADA52D000D6EB7 /* Main.storyboard */,
				22B1C2B027ADA52E000D6EB7 /* Assets.xcassets */,
				22B1C2B227ADA52E000D6EB7 /* LaunchScreen.storyboard */,
				22B1C2B527ADA52E000D6EB7 /* Info.plist */,
				22B1C2D927ADAF5A000D6EB7 /* OutletConnectionsViewController.swift */,
				22B1C2DA27ADAF5A000D6EB7 /* OutletConnectionsViewController.xib */,
			);
			path = OutletConnections;
			sourceTree = "<group>";
		};
		22B1C2BD27ADA52E000D6EB7 /* OutletConnectionsTests */ = {
			isa = PBXGroup;
			children = (
				22B1C2DD27ADB310000D6EB7 /* OutletConnectionsViewControllerTests.swift */,
			);
			path = OutletConnectionsTests;
			sourceTree = "<group>";
		};
/* End PBXGroup section */

/* Begin PBXNativeTarget section */
		22B1C2A327ADA52D000D6EB7 /* OutletConnections */ = {
			isa = PBXNativeTarget;
			buildConfigurationList = 22B1C2CE27ADA52E000D6EB7 /* Build configuration list for PBXNativeTarget "OutletConnections" */;
			buildPhases = (
				22B1C2A027ADA52D000D6EB7 /* Sources */,
				22B1C2A127ADA52D000D6EB7 /* Frameworks */,
				22B1C2A227ADA52D000D6EB7 /* Resources */,
			);
			buildRules = (
			);
			dependencies = (
			);
			name = OutletConnections;
			productName = OutletConnections;
			productReference = 22B1C2A427ADA52D000D6EB7 /* OutletConnections.app */;
			productType = "com.apple.product-type.application";
		};
		22B1C2B927ADA52E000D6EB7 /* OutletConnectionsTests */ = {
			isa = PBXNativeTarget;
			buildConfigurationList = 22B1C2D127ADA52E000D6EB7 /* Build configuration list for PBXNativeTarget "OutletConnectionsTests" */;
			buildPhases = (
				22B1C2B627ADA52E000D6EB7 /* Sources */,
				22B1C2B727ADA52E000D6EB7 /* Frameworks */,
				22B1C2B827ADA52E000D6EB7 /* Resources */,
			);
			buildRules = (
			);
			dependencies = (
				22B1C2BC27ADA52E000D6EB7 /* PBXTargetDependency */,
			);
			name = OutletConnectionsTests;
			productName = OutletConnectionsTests;
			productReference = 22B1C2BA27ADA52E000D6EB7 /* OutletConnectionsTests.xctest */;
			productType = "com.apple.product-type.bundle.unit-test";
		};
/* End PBXNativeTarget section */

/* Begin PBXProject section */
		22B1C29C27ADA52D000D6EB7 /* Project object */ = {
			isa = PBXProject;
			attributes = {
				BuildIndependentTargetsInParallel = 1;
				LastSwiftUpdateCheck = 1320;
				LastUpgradeCheck = 1320;
				TargetAttributes = {
					22B1C2A327ADA52D000D6EB7 = {
						CreatedOnToolsVersion = 13.2.1;
					};
					22B1C2B927ADA52E000D6EB7 = {
						CreatedOnToolsVersion = 13.2.1;
						TestTargetID = 22B1C2A327ADA52D000D6EB7;
					};
				};
			};
			buildConfigurationList = 22B1C29F27ADA52D000D6EB7 /* Build configuration list for PBXProject "OutletConnections" */;
			compatibilityVersion = "Xcode 13.0";
			developmentRegion = en;
			hasScannedForEncodings = 0;
			knownRegions = (
				en,
				Base,
			);
			mainGroup = 22B1C29B27ADA52D000D6EB7;
			productRefGroup = 22B1C2A527ADA52D000D6EB7 /* Products */;
			projectDirPath = "";
			projectRoot = "";
			targets = (
				22B1C2A327ADA52D000D6EB7 /* OutletConnections */,
				22B1C2B927ADA52E000D6EB7 /* OutletConnectionsTests */,
			);
		};
/* End PBXProject section */

/* Begin PBXResourcesBuildPhase section */
		22B1C2A227ADA52D000D6EB7 /* Resources */ = {
			isa = PBXResourcesBuildPhase;
			buildActionMask = 2147483647;
			files = (
				22B1C2B427ADA52E000D6EB7 /* LaunchScreen.storyboard in Resources */,
				22B1C2B127ADA52E000D6EB7 /* Assets.xcassets in Resources */,
				22B1C2AF27ADA52D000D6EB7 /* Main.storyboard in Resources */,
				22B1C2DC27ADAF5A000D6EB7 /* OutletConnectionsViewController.xib in Resources */,
			);
			runOnlyForDeploymentPostprocessing = 0;
		};
		22B1C2B827ADA52E000D6EB7 /* Resources */ = {
			isa = PBXResourcesBuildPhase;
			buildActionMask = 2147483647;
			files = (
			);
			runOnlyForDeploymentPostprocessing = 0;
		};
/* End PBXResourcesBuildPhase section */

/* Begin PBXSourcesBuildPhase section */
		22B1C2A027ADA52D000D6EB7 /* Sources */ = {
			isa = PBXSourcesBuildPhase;
			buildActionMask = 2147483647;
			files = (
				22B1C2AC27ADA52D000D6EB7 /* ViewController.swift in Sources */,
				22B1C2A827ADA52D000D6EB7 /* AppDelegate.swift in Sources */,
				22B1C2AA27ADA52D000D6EB7 /* SceneDelegate.swift in Sources */,
				22B1C2DB27ADAF5A000D6EB7 /* OutletConnectionsViewController.swift in Sources */,
			);
			runOnlyForDeploymentPostprocessing = 0;
		};
		22B1C2B627ADA52E000D6EB7 /* Sources */ = {
			isa = PBXSourcesBuildPhase;
			buildActionMask = 2147483647;
			files = (
				22B1C2DE27ADB310000D6EB7 /* OutletConnectionsViewControllerTests.swift in Sources */,
			);
			runOnlyForDeploymentPostprocessing = 0;
		};
/* End PBXSourcesBuildPhase section */

/* Begin PBXTargetDependency section */
		22B1C2BC27ADA52E000D6EB7 /* PBXTargetDependency */ = {
			isa = PBXTargetDependency;
			target = 22B1C2A327ADA52D000D6EB7 /* OutletConnections */;
			targetProxy = 22B1C2BB27ADA52E000D6EB7 /* PBXContainerItemProxy */;
		};
/* End PBXTargetDependency section */

/* Begin PBXVariantGroup section */
		22B1C2AD27ADA52D000D6EB7 /* Main.storyboard */ = {
			isa = PBXVariantGroup;
			children = (
				22B1C2AE27ADA52D000D6EB7 /* Base */,
			);
			name = Main.storyboard;
			sourceTree = "<group>";
		};
		22B1C2B227ADA52E000D6EB7 /* LaunchScreen.storyboard */ = {
			isa = PBXVariantGroup;
			children = (
				22B1C2B327ADA52E000D6EB7 /* Base */,
			);
			name = LaunchScreen.storyboard;
			sourceTree = "<group>";
		};
/* End PBXVariantGroup section */

/* Begin XCBuildConfiguration section */
		22B1C2CC27ADA52E000D6EB7 /* Debug */ = {
			isa = XCBuildConfiguration;
			buildSettings = {
				ALWAYS_SEARCH_USER_PATHS = NO;
				CLANG_ANALYZER_NONNULL = YES;
				CLANG_ANALYZER_NUMBER_OBJECT_CONVERSION = YES_AGGRESSIVE;
				CLANG_CXX_LANGUAGE_STANDARD = "gnu++17";
				CLANG_CXX_LIBRARY = "libc++";
				CLANG_ENABLE_MODULES = YES;
				CLANG_ENABLE_OBJC_ARC = YES;
				CLANG_ENABLE_OBJC_WEAK = YES;
				CLANG_WARN_BLOCK_CAPTURE_AUTORELEASING = YES;
				CLANG_WARN_BOOL_CONVERSION = YES;
				CLANG_WARN_COMMA = YES;
				CLANG_WARN_CONSTANT_CONVERSION = YES;
				CLANG_WARN_DEPRECATED_OBJC_IMPLEMENTATIONS = YES;
				CLANG_WARN_DIRECT_OBJC_ISA_USAGE = YES_ERROR;
				CLANG_WARN_DOCUMENTATION_COMMENTS = YES;
				CLANG_WARN_EMPTY_BODY = YES;
				CLANG_WARN_ENUM_CONVERSION = YES;
				CLANG_WARN_INFINITE_RECURSION = YES;
				CLANG_WARN_INT_CONVERSION = YES;
				CLANG_WARN_NON_LITERAL_NULL_CONVERSION = YES;
				CLANG_WARN_OBJC_IMPLICIT_RETAIN_SELF = YES;
				CLANG_WARN_OBJC_LITERAL_CONVERSION = YES;
				CLANG_WARN_OBJC_ROOT_CLASS = YES_ERROR;
				CLANG_WARN_QUOTED_INCLUDE_IN_FRAMEWORK_HEADER = YES;
				CLANG_WARN_RANGE_LOOP_ANALYSIS = YES;
				CLANG_WARN_STRICT_PROTOTYPES = YES;
				CLANG_WARN_SUSPICIOUS_MOVE = YES;
				CLANG_WARN_UNGUARDED_AVAILABILITY = YES_AGGRESSIVE;
				CLANG_WARN_UNREACHABLE_CODE = YES;
				CLANG_WARN__DUPLICATE_METHOD_MATCH = YES;
				COPY_PHASE_STRIP = NO;
				DEBUG_INFORMATION_FORMAT = dwarf;
				ENABLE_STRICT_OBJC_MSGSEND = YES;
				ENABLE_TESTABILITY = YES;
				GCC_C_LANGUAGE_STANDARD = gnu11;
				GCC_DYNAMIC_NO_PIC = NO;
				GCC_NO_COMMON_BLOCKS = YES;
				GCC_OPTIMIZATION_LEVEL = 0;
				GCC_PREPROCESSOR_DEFINITIONS = (
					"DEBUG=1",
					"$(inherited)",
				);
				GCC_WARN_64_TO_32_BIT_CONVERSION = YES;
				GCC_WARN_ABOUT_RETURN_TYPE = YES_ERROR;
				GCC_WARN_UNDECLARED_SELECTOR = YES;
				GCC_WARN_UNINITIALIZED_AUTOS = YES_AGGRESSIVE;
				GCC_WARN_UNUSED_FUNCTION = YES;
				GCC_WARN_UNUSED_VARIABLE = YES;
				IPHONEOS_DEPLOYMENT_TARGET = 15.2;
				MTL_ENABLE_DEBUG_INFO = INCLUDE_SOURCE;
				MTL_FAST_MATH = YES;
				ONLY_ACTIVE_ARCH = YES;
				SDKROOT = iphoneos;
				SWIFT_ACTIVE_COMPILATION_CONDITIONS = DEBUG;
				SWIFT_OPTIMIZATION_LEVEL = "-Onone";
			};
			name = Debug;
		};
		22B1C2CD27ADA52E000D6EB7 /* Release */ = {
			isa = XCBuildConfiguration;
			buildSettings = {
				ALWAYS_SEARCH_USER_PATHS = NO;
				CLANG_ANALYZER_NONNULL = YES;
				CLANG_ANALYZER_NUMBER_OBJECT_CONVERSION = YES_AGGRESSIVE;
				CLANG_CXX_LANGUAGE_STANDARD = "gnu++17";
				CLANG_CXX_LIBRARY = "libc++";
				CLANG_ENABLE_MODULES = YES;
				CLANG_ENABLE_OBJC_ARC = YES;
				CLANG_ENABLE_OBJC_WEAK = YES;
				CLANG_WARN_BLOCK_CAPTURE_AUTORELEASING = YES;
				CLANG_WARN_BOOL_CONVERSION = YES;
				CLANG_WARN_COMMA = YES;
				CLANG_WARN_CONSTANT_CONVERSION = YES;
				CLANG_WARN_DEPRECATED_OBJC_IMPLEMENTATIONS = YES;
				CLANG_WARN_DIRECT_OBJC_ISA_USAGE = YES_ERROR;
				CLANG_WARN_DOCUMENTATION_COMMENTS = YES;
				CLANG_WARN_EMPTY_BODY = YES;
				CLANG_WARN_ENUM_CONVERSION = YES;
				CLANG_WARN_INFINITE_RECURSION = YES;
				CLANG_WARN_INT_CONVERSION = YES;
				CLANG_WARN_NON_LITERAL_NULL_CONVERSION = YES;
				CLANG_WARN_OBJC_IMPLICIT_RETAIN_SELF = YES;
				CLANG_WARN_OBJC_LITERAL_CONVERSION = YES;
				CLANG_WARN_OBJC_ROOT_CLASS = YES_ERROR;
				CLANG_WARN_QUOTED_INCLUDE_IN_FRAMEWORK_HEADER = YES;
				CLANG_WARN_RANGE_LOOP_ANALYSIS = YES;
				CLANG_WARN_STRICT_PROTOTYPES = YES;
				CLANG_WARN_SUSPICIOUS_MOVE = YES;
				CLANG_WARN_UNGUARDED_AVAILABILITY = YES_AGGRESSIVE;
				CLANG_WARN_UNREACHABLE_CODE = YES;
				CLANG_WARN__DUPLICATE_METHOD_MATCH = YES;
				COPY_PHASE_STRIP = NO;
				DEBUG_INFORMATION_FORMAT = "dwarf-with-dsym";
				ENABLE_NS_ASSERTIONS = NO;
				ENABLE_STRICT_OBJC_MSGSEND = YES;
				GCC_C_LANGUAGE_STANDARD = gnu11;
				GCC_NO_COMMON_BLOCKS = YES;
				GCC_WARN_64_TO_32_BIT_CONVERSION = YES;
				GCC_WARN_ABOUT_RETURN_TYPE = YES_ERROR;
				GCC_WARN_UNDECLARED_SELECTOR = YES;
				GCC_WARN_UNINITIALIZED_AUTOS = YES_AGGRESSIVE;
				GCC_WARN_UNUSED_FUNCTION = YES;
				GCC_WARN_UNUSED_VARIABLE = YES;
				IPHONEOS_DEPLOYMENT_TARGET = 15.2;
				MTL_ENABLE_DEBUG_INFO = NO;
				MTL_FAST_MATH = YES;
				SDKROOT = iphoneos;
				SWIFT_COMPILATION_MODE = wholemodule;
				SWIFT_OPTIMIZATION_LEVEL = "-O";
				VALIDATE_PRODUCT = YES;
			};
			name = Release;
		};
		22B1C2CF27ADA52E000D6EB7 /* Debug */ = {
			isa = XCBuildConfiguration;
			buildSettings = {
				ASSETCATALOG_COMPILER_APPICON_NAME = AppIcon;
				ASSETCATALOG_COMPILER_GLOBAL_ACCENT_COLOR_NAME = AccentColor;
				CODE_SIGN_STYLE = Automatic;
				CURRENT_PROJECT_VERSION = 1;
				GENERATE_INFOPLIST_FILE = YES;
				INFOPLIST_FILE = OutletConnections/Info.plist;
				INFOPLIST_KEY_UIApplicationSupportsIndirectInputEvents = YES;
				INFOPLIST_KEY_UILaunchStoryboardName = LaunchScreen;
				INFOPLIST_KEY_UIMainStoryboardFile = Main;
				INFOPLIST_KEY_UISupportedInterfaceOrientations_iPad = "UIInterfaceOrientationPortrait UIInterfaceOrientationPortraitUpsideDown UIInterfaceOrientationLandscapeLeft UIInterfaceOrientationLandscapeRight";
				INFOPLIST_KEY_UISupportedInterfaceOrientations_iPhone = "UIInterfaceOrientationPortrait UIInterfaceOrientationLandscapeLeft UIInterfaceOrientationLandscapeRight";
				LD_RUNPATH_SEARCH_PATHS = (
					"$(inherited)",
					"@executable_path/Frameworks",
				);
				MARKETING_VERSION = 1.0;
				PRODUCT_BUNDLE_IDENTIFIER = com.battybuilds.OutletConnections;
				PRODUCT_NAME = "$(TARGET_NAME)";
				SWIFT_EMIT_LOC_STRINGS = YES;
				SWIFT_VERSION = 5.0;
				TARGETED_DEVICE_FAMILY = "1,2";
			};
			name = Debug;
		};
		22B1C2D027ADA52E000D6EB7 /* Release */ = {
			isa = XCBuildConfiguration;
			buildSettings = {
				ASSETCATALOG_COMPILER_APPICON_NAME = AppIcon;
				ASSETCATALOG_COMPILER_GLOBAL_ACCENT_COLOR_NAME = AccentColor;
				CODE_SIGN_STYLE = Automatic;
				CURRENT_PROJECT_VERSION = 1;
				GENERATE_INFOPLIST_FILE = YES;
				INFOPLIST_FILE = OutletConnections/Info.plist;
				INFOPLIST_KEY_UIApplicationSupportsIndirectInputEvents = YES;
				INFOPLIST_KEY_UILaunchStoryboardName = LaunchScreen;
				INFOPLIST_KEY_UIMainStoryboardFile = Main;
				INFOPLIST_KEY_UISupportedInterfaceOrientations_iPad = "UIInterfaceOrientationPortrait UIInterfaceOrientationPortraitUpsideDown UIInterfaceOrientationLandscapeLeft UIInterfaceOrientationLandscapeRight";
				INFOPLIST_KEY_UISupportedInterfaceOrientations_iPhone = "UIInterfaceOrientationPortrait UIInterfaceOrientationLandscapeLeft UIInterfaceOrientationLandscapeRight";
				LD_RUNPATH_SEARCH_PATHS = (
					"$(inherited)",
					"@executable_path/Frameworks",
				);
				MARKETING_VERSION = 1.0;
				PRODUCT_BUNDLE_IDENTIFIER = com.battybuilds.OutletConnections;
				PRODUCT_NAME = "$(TARGET_NAME)";
				SWIFT_EMIT_LOC_STRINGS = YES;
				SWIFT_VERSION = 5.0;
				TARGETED_DEVICE_FAMILY = "1,2";
			};
			name = Release;
		};
		22B1C2D227ADA52E000D6EB7 /* Debug */ = {
			isa = XCBuildConfiguration;
			buildSettings = {
				ALWAYS_EMBED_SWIFT_STANDARD_LIBRARIES = YES;
				BUNDLE_LOADER = "$(TEST_HOST)";
				CODE_SIGN_STYLE = Automatic;
				CURRENT_PROJECT_VERSION = 1;
				GENERATE_INFOPLIST_FILE = YES;
				IPHONEOS_DEPLOYMENT_TARGET = 15.2;
				MARKETING_VERSION = 1.0;
				PRODUCT_BUNDLE_IDENTIFIER = com.battybuilds.OutletConnectionsTests;
				PRODUCT_NAME = "$(TARGET_NAME)";
				SWIFT_EMIT_LOC_STRINGS = NO;
				SWIFT_VERSION = 5.0;
				TARGETED_DEVICE_FAMILY = "1,2";
				TEST_HOST = "$(BUILT_PRODUCTS_DIR)/OutletConnections.app/OutletConnections";
			};
			name = Debug;
		};
		22B1C2D327ADA52E000D6EB7 /* Release */ = {
			isa = XCBuildConfiguration;
			buildSettings = {
				ALWAYS_EMBED_SWIFT_STANDARD_LIBRARIES = YES;
				BUNDLE_LOADER = "$(TEST_HOST)";
				CODE_SIGN_STYLE = Automatic;
				CURRENT_PROJECT_VERSION = 1;
				GENERATE_INFOPLIST_FILE = YES;
				IPHONEOS_DEPLOYMENT_TARGET = 15.2;
				MARKETING_VERSION = 1.0;
				PRODUCT_BUNDLE_IDENTIFIER = com.battybuilds.OutletConnectionsTests;
				PRODUCT_NAME = "$(TARGET_NAME)";
				SWIFT_EMIT_LOC_STRINGS = NO;
				SWIFT_VERSION = 5.0;
				TARGETED_DEVICE_FAMILY = "1,2";
				TEST_HOST = "$(BUILT_PRODUCTS_DIR)/OutletConnections.app/OutletConnections";
			};
			name = Release;
		};
/* End XCBuildConfiguration section */

/* Begin XCConfigurationList section */
		22B1C29F27ADA52D000D6EB7 /* Build configuration list for PBXProject "OutletConnections" */ = {
			isa = XCConfigurationList;
			buildConfigurations = (
				22B1C2CC27ADA52E000D6EB7 /* Debug */,
				22B1C2CD27ADA52E000D6EB7 /* Release */,
			);
			defaultConfigurationIsVisible = 0;
			defaultConfigurationName = Release;
		};
		22B1C2CE27ADA52E000D6EB7 /* Build configuration list for PBXNativeTarget "OutletConnections" */ = {
			isa = XCConfigurationList;
			buildConfigurations = (
				22B1C2CF27ADA52E000D6EB7 /* Debug */,
				22B1C2D027ADA52E000D6EB7 /* Release */,
			);
			defaultConfigurationIsVisible = 0;
			defaultConfigurationName = Release;
		};
		22B1C2D127ADA52E000D6EB7 /* Build configuration list for PBXNativeTarget "OutletConnectionsTests" */ = {
			isa = XCConfigurationList;
			buildConfigurations = (
				22B1C2D227ADA52E000D6EB7 /* Debug */,
				22B1C2D327ADA52E000D6EB7 /* Release */,
			);
			defaultConfigurationIsVisible = 0;
			defaultConfigurationName = Release;
		};
/* End XCConfigurationList section */
	};
	rootObject = 22B1C29C27ADA52D000D6EB7 /* Project object */;
}
